
Microsoft Visual Studio Solution File, Format Version 12.00
# Visual Studio Version 16
VisualStudioVersion = 16.0.31911.196
MinimumVisualStudioVersion = 10.0.40219.1
Project("{FAE04EC0-301F-11D3-BF4B-00C04F79EFBC}") = "API", "..\API\API.csproj", "{BA8ECC2A-73A0-4760-848A-BB7A59D2FAC8}"
EndProject
Global
	GlobalSection(SolutionConfigurationPlatforms) = preSolution
		Debug|Any CPU = Debug|Any CPU
		Release|Any CPU = Release|Any CPU
	EndGlobalSection
	GlobalSection(ProjectConfigurationPlatforms) = postSolution
		{BA8ECC2A-73A0-4760-848A-BB7A59D2FAC8}.Debug|Any CPU.ActiveCfg = Debug|Any CPU
		{BA8ECC2A-73A0-4760-848A-BB7A59D2FAC8}.Debug|Any CPU.Build.0 = Debug|Any CPU
		{BA8ECC2A-73A0-4760-848A-BB7A59D2FAC8}.Release|Any CPU.ActiveCfg = Release|Any CPU
		{BA8ECC2A-73A0-4760-848A-BB7A59D2FAC8}.Release|Any CPU.Build.0 = Release|Any CPU
	EndGlobalSection
	GlobalSection(SolutionProperties) = preSolution
		HideSolutionNode = FALSE
	EndGlobalSection
	GlobalSection(ExtensibilityGlobals) = postSolution
		SolutionGuid = {069E6CE8-C003-436E-ADE8-FF3AF8C5AD87}
	EndGlobalSection
EndGlobal
